{
    "_meta": {
        "hash": {
            "sha256": "5254f6ebafc3b0b86f9b54bb9df1f13fb7ccea0283df0a192ce8a80197a38215"
        },
        "pipfile-spec": 6,
        "requires": {
            "python_version": "3.11"
        },
        "sources": [
            {
                "name": "pypi",
                "url": "https://pypi.org/simple",
                "verify_ssl": true
            }
        ]
    },
    "default": {
        "attrs": {
            "hashes": [
                "sha256:1f28b4522cdc2fb4256ac1a020c78acf9cba2c6b461ccd2c126f3aa8e8335d04",
                "sha256:6279836d581513a26f1bf235f9acd333bc9115683f14f7e8fae46c98fc50e015"
            ],
            "markers": "python_version >= '3.7'",
            "version": "==23.1.0"
        },
        "click": {
            "hashes": [
                "sha256:ae74fb96c20a0277a1d615f1e4d73c8414f5a98db8b799a7931d1582f3390c28",
                "sha256:ca9853ad459e787e2192211578cc907e7594e294c7ccc834310722b41b9ca6de"
            ],
            "markers": "python_version >= '3.7'",
            "version": "==8.1.7"
        },
        "grpcio": {
            "hashes": [
                "sha256:0ae444221b2c16d8211b55326f8ba173ba8f8c76349bfc1768198ba592b58f74",
                "sha256:0b84445fa94d59e6806c10266b977f92fa997db3585f125d6b751af02ff8b9fe",
                "sha256:14890da86a0c0e9dc1ea8e90101d7a3e0e7b1e71f4487fab36e2bfd2ecadd13c",
                "sha256:15f03bd714f987d48ae57fe092cf81960ae36da4e520e729392a59a75cda4f29",
                "sha256:1a839ba86764cc48226f50b924216000c79779c563a301586a107bda9cbe9dcf",
                "sha256:225e5fa61c35eeaebb4e7491cd2d768cd8eb6ed00f2664fa83a58f29418b39fd",
                "sha256:228b91ce454876d7eed74041aff24a8f04c0306b7250a2da99d35dd25e2a1211",
                "sha256:2ea95cd6abbe20138b8df965b4a8674ec312aaef3147c0f46a0bac661f09e8d0",
                "sha256:2f120d27051e4c59db2f267b71b833796770d3ea36ca712befa8c5fff5da6ebd",
                "sha256:34341d9e81a4b669a5f5dca3b2a760b6798e95cdda2b173e65d29d0b16692857",
                "sha256:3859917de234a0a2a52132489c4425a73669de9c458b01c9a83687f1f31b5b10",
                "sha256:38823bd088c69f59966f594d087d3a929d1ef310506bee9e3648317660d65b81",
                "sha256:38da5310ef84e16d638ad89550b5b9424df508fd5c7b968b90eb9629ca9be4b9",
                "sha256:3b8ff795d35a93d1df6531f31c1502673d1cebeeba93d0f9bd74617381507e3f",
                "sha256:50eff97397e29eeee5df106ea1afce3ee134d567aa2c8e04fabab05c79d791a7",
                "sha256:5711c51e204dc52065f4a3327dca46e69636a0b76d3e98c2c28c4ccef9b04c52",
                "sha256:598f3530231cf10ae03f4ab92d48c3be1fee0c52213a1d5958df1a90957e6a88",
                "sha256:611d9aa0017fa386809bddcb76653a5ab18c264faf4d9ff35cb904d44745f575",
                "sha256:61bc72a00ecc2b79d9695220b4d02e8ba53b702b42411397e831c9b0589f08a3",
                "sha256:63982150a7d598281fa1d7ffead6096e543ff8be189d3235dd2b5604f2c553e5",
                "sha256:6c4b1cc3a9dc1924d2eb26eec8792fedd4b3fcd10111e26c1d551f2e4eda79ce",
                "sha256:81d86a096ccd24a57fa5772a544c9e566218bc4de49e8c909882dae9d73392df",
                "sha256:849c47ef42424c86af069a9c5e691a765e304079755d5c29eff511263fad9c2a",
                "sha256:871371ce0c0055d3db2a86fdebd1e1d647cf21a8912acc30052660297a5a6901",
                "sha256:8cd2d38c2d52f607d75a74143113174c36d8a416d9472415eab834f837580cf7",
                "sha256:936b2e04663660c600d5173bc2cc84e15adbad9c8f71946eb833b0afc205b996",
                "sha256:93e9cb546e610829e462147ce724a9cb108e61647a3454500438a6deef610be1",
                "sha256:956f0b7cb465a65de1bd90d5a7475b4dc55089b25042fe0f6c870707e9aabb1d",
                "sha256:986de4aa75646e963466b386a8c5055c8b23a26a36a6c99052385d6fe8aaf180",
                "sha256:aca8a24fef80bef73f83eb8153f5f5a0134d9539b4c436a716256b311dda90a6",
                "sha256:acf70a63cf09dd494000007b798aff88a436e1c03b394995ce450be437b8e54f",
                "sha256:b34c7a4c31841a2ea27246a05eed8a80c319bfc0d3e644412ec9ce437105ff6c",
                "sha256:b95ec8ecc4f703f5caaa8d96e93e40c7f589bad299a2617bdb8becbcce525539",
                "sha256:ba0ca727a173ee093f49ead932c051af463258b4b493b956a2c099696f38aa66",
                "sha256:c041a91712bf23b2a910f61e16565a05869e505dc5a5c025d429ca6de5de842c",
                "sha256:c0488c2b0528e6072010182075615620071371701733c63ab5be49140ed8f7f0",
                "sha256:c173a87d622ea074ce79be33b952f0b424fa92182063c3bda8625c11d3585d09",
                "sha256:c251d22de8f9f5cca9ee47e4bade7c5c853e6e40743f47f5cc02288ee7a87252",
                "sha256:c4dfdb49f4997dc664f30116af2d34751b91aa031f8c8ee251ce4dcfc11277b0",
                "sha256:ca87ee6183421b7cea3544190061f6c1c3dfc959e0b57a5286b108511fd34ff4",
                "sha256:ceb1e68135788c3fce2211de86a7597591f0b9a0d2bb80e8401fd1d915991bac",
                "sha256:d09bd2a4e9f5a44d36bb8684f284835c14d30c22d8ec92ce796655af12163588",
                "sha256:d0fcf53df684fcc0154b1e61f6b4a8c4cf5f49d98a63511e3f30966feff39cd0",
                "sha256:d74f7d2d7c242a6af9d4d069552ec3669965b74fed6b92946e0e13b4168374f9",
                "sha256:de2599985b7c1b4ce7526e15c969d66b93687571aa008ca749d6235d056b7205",
                "sha256:e5378785dce2b91eb2e5b857ec7602305a3b5cf78311767146464bfa365fc897",
                "sha256:ec78aebb9b6771d6a1de7b6ca2f779a2f6113b9108d486e904bde323d51f5589",
                "sha256:f1feb034321ae2f718172d86b8276c03599846dc7bb1792ae370af02718f91c5",
                "sha256:f21917aa50b40842b51aff2de6ebf9e2f6af3fe0971c31960ad6a3a2b24988f4",
                "sha256:f367e4b524cb319e50acbdea57bb63c3b717c5d561974ace0b065a648bb3bad3",
                "sha256:f6cfe44a5d7c7d5f1017a7da1c8160304091ca5dc64a0f85bca0d63008c3137a",
                "sha256:fa66cac32861500f280bb60fe7d5b3e22d68c51e18e65367e38f8669b78cea3b",
                "sha256:fc8bf2e7bc725e76c0c11e474634a08c8f24bcf7426c0c6d60c8f9c6e70e4d4a",
                "sha256:fe976910de34d21057bcb53b2c5e667843588b48bf11339da2a75f5c4c5b4055"
            ],
            "markers": "python_version >= '3.7'",
            "version": "==1.59.0"
        },
        "grpcio-tools": {
            "hashes": [
                "sha256:0548e901894399886ff4a4cd808cb850b60c021feb4a8977a0751f14dd7e55d9",
                "sha256:05bf7b3ed01c8a562bb7e840f864c58acedbd6924eb616367c0bd0a760bdf483",
                "sha256:1d551ff42962c7c333c3da5c70d5e617a87dee581fa2e2c5ae2d5137c8886779",
                "sha256:1df755951f204e65bf9232a9cac5afe7d6b8e4c87ac084d3ecd738fdc7aa4174",
                "sha256:204e08f807b1d83f5f0efea30c4e680afe26a43dec8ba614a45fa698a7ef0a19",
                "sha256:240a7a3c2c54f77f1f66085a635bca72003d02f56a670e7db19aec531eda8f78",
                "sha256:26eb2eebf150a33ebf088e67c1acf37eb2ac4133d9bfccbaa011ad2148c08b42",
                "sha256:27a7f226b741b2ebf7e2d0779d2c9b17f446d1b839d59886c1619e62cc2ae472",
                "sha256:2d970aa26854f535ffb94ea098aa8b43de020d9a14682e4a15dcdaeac7801b27",
                "sha256:2ee960904dde12a7fa48e1591a5b3eeae054bdce57bacf9fd26685a98138f5bf",
                "sha256:335e2f355a0c544a88854e2c053aff8a3f398b84a263a96fa19d063ca1fe513a",
                "sha256:387662bee8e4c0b52cc0f61eaaca0ca583f5b227103f685b76083a3590a71a3e",
                "sha256:40cbf712769242c2ba237745285ef789114d7fcfe8865fc4817d87f20015e99a",
                "sha256:4499d4bc5aa9c7b645018d8b0db4bebd663d427aabcd7bee7777046cb1bcbca7",
                "sha256:498e7be0b14385980efa681444ba481349c131fc5ec88003819f5d929646947c",
                "sha256:4a10e59cca462208b489478340b52a96d64e8b8b6f1ac097f3e8cb211d3f66c0",
                "sha256:4ee443abcd241a5befb05629013fbf2eac637faa94aaa3056351aded8a31c1bc",
                "sha256:51d9595629998d8b519126c5a610f15deb0327cd6325ed10796b47d1d292e70b",
                "sha256:520c0c83ea79d14b0679ba43e19c64ca31d30926b26ad2ca7db37cbd89c167e2",
                "sha256:5b2d6da553980c590487f2e7fd3ec9c1ad8805ff2ec77977b92faa7e3ca14e1f",
                "sha256:6119f62c462d119c63227b9534210f0f13506a888151b9bf586f71e7edf5088b",
                "sha256:6aec8a4ed3808b7dfc1276fe51e3e24bec0eeaf610d395bcd42934647cf902a3",
                "sha256:71cc6db1d66da3bc3730d9937bddc320f7b1f1dfdff6342bcb5741515fe4110b",
                "sha256:784aa52965916fec5afa1a28eeee6f0073bb43a2a1d7fedf963393898843077a",
                "sha256:821dba464d84ebbcffd9d420302404db2fa7a40c7ff4c4c4c93726f72bfa2769",
                "sha256:868892ad9e00651a38dace3e4924bae82fc4fd4df2c65d37b74381570ee8deb1",
                "sha256:882b809b42b5464bee55288f4e60837297f9618e53e69ae3eea6d61b05ce48fa",
                "sha256:8c4634b3589efa156a8d5860c0a2547315bd5c9e52d14c960d716fe86e0927be",
                "sha256:8f0da5861ee276ca68493b217daef358960e8527cc63c7cb292ca1c9c54939af",
                "sha256:962d1a3067129152cee3e172213486cb218a6bad703836991f46f216caefcf00",
                "sha256:99b3bde646720bbfb77f263f5ba3e1a0de50632d43c38d405a0ef9c7e94373cd",
                "sha256:9af7e138baa9b2895cf1f3eb718ac96fc5ae2f8e31fca405e21e0e5cd1643c52",
                "sha256:9ed05197c5ab071e91bcef28901e97ca168c4ae94510cb67a14cb4931b94255a",
                "sha256:9fc02a6e517c34dcf885ff3b57260b646551083903e3d2c780b4971ce7d4ab7c",
                "sha256:a4f6cae381f21fee1ef0a5cbbbb146680164311157ae618edf3061742d844383",
                "sha256:aa4018f2d8662ac4d9830445d3d253a11b3e096e8afe20865547137aa1160e93",
                "sha256:b519f2ecde9a579cad2f4a7057d5bb4e040ad17caab8b5e691ed7a13b9db0be9",
                "sha256:b8e95d921cc2a1521d4750eedefec9f16031457920a6677edebe9d1b2ad6ae60",
                "sha256:bb87158dbbb9e5a79effe78d54837599caa16df52d8d35366e06a91723b587ae",
                "sha256:bfa4b2b7d21c5634b62e5f03462243bd705adc1a21806b5356b8ce06d902e160",
                "sha256:c683be38a9bf4024c223929b4cd2f0a0858c94e9dc8b36d7eaa5a48ce9323a6f",
                "sha256:cb63055739808144b541986291679d643bae58755d0eb082157c4d4c04443905",
                "sha256:d0f0806de1161c7f248e4c183633ee7a58dfe45c2b77ddf0136e2e7ad0650b1b",
                "sha256:db030140d0da2368319e2f23655df3baec278c7e0078ecbe051eaf609a69382c",
                "sha256:de156c18b0c638aaee3be6ad650c8ba7dec94ed4bac26403aec3dce95ffe9407",
                "sha256:df85096fcac7cea8aa5bd84b7a39c4cdbf556b93669bb4772eb96aacd3222a4e",
                "sha256:e312ddc2d8bec1a23306a661ad52734f984c9aad5d8f126ebb222a778d95407d",
                "sha256:eeed386971bb8afc3ec45593df6a1154d680d87be1209ef8e782e44f85f47e64",
                "sha256:ef3e8aca2261f7f07436d4e2111556c1fb9bf1f9cfcdf35262743ccdee1b6ce9",
                "sha256:f14a6e4f700dfd30ff8f0e6695f944affc16ae5a1e738666b3fae4e44b65637e",
                "sha256:f1c684c0d9226d04cadafced620a46ab38c346d0780eaac7448da96bf12066a3",
                "sha256:f381ae3ad6a5eb27aad8d810438937d8228977067c54e0bd456fce7e11fdbf3d",
                "sha256:f6263b85261b62471cb97b7505df72d72b8b62e5e22d8184924871a6155b4dbf",
                "sha256:f965707da2b48a33128615bcfebedd215a3a30e346447e885bb3da37a143177a"
            ],
            "markers": "python_version >= '3.7'",
            "version": "==1.59.0"
        },
        "jsonpath-ng": {
            "hashes": [
                "sha256:5483f8e9d74c39c9abfab554c070ae783c1c8cbadf5df60d561bc705ac68a07e",
                "sha256:6fd04833412c4b3d9299edf369542f5e67095ca84efa17cbb7f06a34958adc9f"
            ],
            "version": "==1.6.0"
        },
        "jsonschema": {
            "hashes": [
                "sha256:cd5f1f9ed9444e554b38ba003af06c0a8c2868131e56bfbef0550fb450c0330e",
                "sha256:ec84cc37cfa703ef7cd4928db24f9cb31428a5d0fa77747b8b51a847458e0bbf"
            ],
            "markers": "python_version >= '3.8'",
            "version": "==4.19.1"
        },
        "jsonschema-specifications": {
            "hashes": [
                "sha256:05adf340b659828a004220a9613be00fa3f223f2b82002e273dee62fd50524b1",
                "sha256:c91a50404e88a1f6ba40636778e2ee08f6e24c5613fe4c53ac24578a5a7f72bb"
            ],
            "markers": "python_version >= '3.8'",
            "version": "==2023.7.1"
        },
        "overrides": {
            "hashes": [
                "sha256:3ad24583f86d6d7a49049695efe9933e67ba62f0c7625d53c59fa832ce4b8b7d",
                "sha256:9502a3cca51f4fac40b5feca985b6703a5c1f6ad815588a7ca9e285b9dca6757"
            ],
            "markers": "python_version >= '3.6'",
            "version": "==7.4.0"
        },
        "ply": {
            "hashes": [
                "sha256:00c7c1aaa88358b9c765b6d3000c6eec0ba42abca5351b095321aef446081da3",
                "sha256:096f9b8350b65ebd2fd1346b12452efe5b9607f7482813ffca50c22722a807ce"
            ],
            "version": "==3.11"
        },
        "protobuf": {
            "hashes": [
                "sha256:02212557a76cd99574775a81fefeba8738d0f668d6abd0c6b1d3adcc75503dbe",
                "sha256:1badab72aa8a3a2b812eacfede5020472e16c6b2212d737cefd685884c191085",
                "sha256:2fa3886dfaae6b4c5ed2730d3bf47c7a38a72b3a1f0acb4d4caf68e6874b947b",
                "sha256:5a70731910cd9104762161719c3d883c960151eea077134458503723b60e3667",
                "sha256:6b7d2e1c753715dcfe9d284a25a52d67818dd43c4932574307daf836f0071e37",
                "sha256:80797ce7424f8c8d2f2547e2d42bfbb6c08230ce5832d6c099a37335c9c90a92",
                "sha256:8e61a27f362369c2f33248a0ff6896c20dcd47b5d48239cb9720134bef6082e4",
                "sha256:9fee5e8aa20ef1b84123bb9232b3f4a5114d9897ed89b4b8142d81924e05d79b",
                "sha256:b493cb590960ff863743b9ff1452c413c2ee12b782f48beca77c8da3e2ffe9d9",
                "sha256:b77272f3e28bb416e2071186cb39efd4abbf696d682cbb5dc731308ad37fa6dd",
                "sha256:bffa46ad9612e6779d0e51ae586fde768339b791a50610d85eb162daeb23661e",
                "sha256:dbbed8a56e56cee8d9d522ce844a1379a72a70f453bde6243e3c86c30c2a3d46",
                "sha256:ec9912d5cb6714a5710e28e592ee1093d68c5ebfeda61983b3f40331da0b1ebb"
            ],
            "markers": "python_version >= '3.7'",
            "version": "==4.24.4"
        },
        "referencing": {
            "hashes": [
                "sha256:449b6669b6121a9e96a7f9e410b245d471e8d48964c67113ce9afe50c8dd7bdf",
                "sha256:794ad8003c65938edcdbc027f1933215e0d0ccc0291e3ce20a4d87432b59efc0"
            ],
            "markers": "python_version >= '3.8'",
            "version": "==0.30.2"
        },
        "robotframework": {
            "hashes": [
                "sha256:3fa18f2596a4df2418c4b59abf43248327c15ed38ad8665f6a9a9c75c95d7789",
                "sha256:ee0d512d557e72ed760dd075525f6226baaab309010a48f9c9bf1f416ca434f7"
            ],
            "markers": "python_version >= '3.6'",
            "version": "==6.1.1"
        },
        "robotframework-assertion-engine": {
            "hashes": [
                "sha256:094acf38f21a4e26cb079787b3f440172153dcc5db27bea06fa26149c0c8c7d4",
                "sha256:d22349784db8020786d2eb53512269dc757fb2398e36af644a5efa666794bbde"
            ],
            "markers": "python_version < '4.0' and python_full_version >= '3.8.1'",
            "version": "==2.0.0"
        },
        "robotframework-browser": {
            "hashes": [
                "sha256:1fa2c951f181cadb2617faafdfe0a6945600f7ec0f469e68b6f6dcc5f97fbb0b",
                "sha256:fdba4292b34339133ddbfb0e904fa0584f46235f0b362831e688f00ddd117be4"
            ],
            "index": "pypi",
            "markers": "python_version >= '3.8' and python_version < '4.0'",
            "version": "==17.5.2"
        },
        "robotframework-jsonlibrary": {
            "hashes": [
                "sha256:000ac2e53c7f96e3b749c6b5595fcec87d5291b4afc03fb252470356a7d5da1f"
            ],
            "index": "pypi",
            "version": "==0.5"
        },
        "robotframework-pythonlibcore": {
            "hashes": [
                "sha256:163ed7780cdfe392decc00cc67d614241d25c95565c20fa0ba18c0bee35c81a4",
                "sha256:f46d8a4b21ffa15f907148173a340bff70fdbfdbd160979b8f90d686e40fb1ae"
            ],
            "markers": "python_version >= '3.7' and python_version < '4'",
            "version": "==4.2.0"
        },
        "rpds-py": {
            "hashes": [
                "sha256:023574366002bf1bd751ebaf3e580aef4a468b3d3c216d2f3f7e16fdabd885ed",
                "sha256:031f76fc87644a234883b51145e43985aa2d0c19b063e91d44379cd2786144f8",
                "sha256:052a832078943d2b2627aea0d19381f607fe331cc0eb5df01991268253af8417",
                "sha256:0699ab6b8c98df998c3eacf51a3b25864ca93dab157abe358af46dc95ecd9801",
                "sha256:0713631d6e2d6c316c2f7b9320a34f44abb644fc487b77161d1724d883662e31",
                "sha256:0774a46b38e70fdde0c6ded8d6d73115a7c39d7839a164cc833f170bbf539116",
                "sha256:0898173249141ee99ffcd45e3829abe7bcee47d941af7434ccbf97717df020e5",
                "sha256:09586f51a215d17efdb3a5f090d7cbf1633b7f3708f60a044757a5d48a83b393",
                "sha256:102eac53bb0bf0f9a275b438e6cf6904904908562a1463a6fc3323cf47d7a532",
                "sha256:10f32b53f424fc75ff7b713b2edb286fdbfc94bf16317890260a81c2c00385dc",
                "sha256:150eec465dbc9cbca943c8e557a21afdcf9bab8aaabf386c44b794c2f94143d2",
                "sha256:1d7360573f1e046cb3b0dceeb8864025aa78d98be4bb69f067ec1c40a9e2d9df",
                "sha256:1f36a9d751f86455dc5278517e8b65580eeee37d61606183897f122c9e51cef3",
                "sha256:24656dc36f866c33856baa3ab309da0b6a60f37d25d14be916bd3e79d9f3afcf",
                "sha256:25860ed5c4e7f5e10c496ea78af46ae8d8468e0be745bd233bab9ca99bfd2647",
                "sha256:26857f0f44f0e791f4a266595a7a09d21f6b589580ee0585f330aaccccb836e3",
                "sha256:2bb2e4826be25e72013916eecd3d30f66fd076110de09f0e750163b416500721",
                "sha256:2f6da6d842195fddc1cd34c3da8a40f6e99e4a113918faa5e60bf132f917c247",
                "sha256:30adb75ecd7c2a52f5e76af50644b3e0b5ba036321c390b8e7ec1bb2a16dd43c",
                "sha256:3339eca941568ed52d9ad0f1b8eb9fe0958fa245381747cecf2e9a78a5539c42",
                "sha256:34ad87a831940521d462ac11f1774edf867c34172010f5390b2f06b85dcc6014",
                "sha256:3777cc9dea0e6c464e4b24760664bd8831738cc582c1d8aacf1c3f546bef3f65",
                "sha256:3953c6926a63f8ea5514644b7afb42659b505ece4183fdaaa8f61d978754349e",
                "sha256:3c4eff26eddac49d52697a98ea01b0246e44ca82ab09354e94aae8823e8bda02",
                "sha256:40578a6469e5d1df71b006936ce95804edb5df47b520c69cf5af264d462f2cbb",
                "sha256:40f93086eef235623aa14dbddef1b9fb4b22b99454cb39a8d2e04c994fb9868c",
                "sha256:4134aa2342f9b2ab6c33d5c172e40f9ef802c61bb9ca30d21782f6e035ed0043",
                "sha256:442626328600bde1d09dc3bb00434f5374948838ce75c41a52152615689f9403",
                "sha256:4a5ee600477b918ab345209eddafde9f91c0acd931f3776369585a1c55b04c57",
                "sha256:4ce5a708d65a8dbf3748d2474b580d606b1b9f91b5c6ab2a316e0b0cf7a4ba50",
                "sha256:516a611a2de12fbea70c78271e558f725c660ce38e0006f75139ba337d56b1f6",
                "sha256:52c215eb46307c25f9fd2771cac8135d14b11a92ae48d17968eda5aa9aaf5071",
                "sha256:53c43e10d398e365da2d4cc0bcaf0854b79b4c50ee9689652cdc72948e86f487",
                "sha256:5752b761902cd15073a527b51de76bbae63d938dc7c5c4ad1e7d8df10e765138",
                "sha256:5e8a78bd4879bff82daef48c14d5d4057f6856149094848c3ed0ecaf49f5aec2",
                "sha256:5ed505ec6305abd2c2c9586a7b04fbd4baf42d4d684a9c12ec6110deefe2a063",
                "sha256:5ee97c683eaface61d38ec9a489e353d36444cdebb128a27fe486a291647aff6",
                "sha256:61fa268da6e2e1cd350739bb61011121fa550aa2545762e3dc02ea177ee4de35",
                "sha256:64ccc28683666672d7c166ed465c09cee36e306c156e787acef3c0c62f90da5a",
                "sha256:66414dafe4326bca200e165c2e789976cab2587ec71beb80f59f4796b786a238",
                "sha256:68fe9199184c18d997d2e4293b34327c0009a78599ce703e15cd9a0f47349bba",
                "sha256:6a555ae3d2e61118a9d3e549737bb4a56ff0cec88a22bd1dfcad5b4e04759175",
                "sha256:6bdc11f9623870d75692cc33c59804b5a18d7b8a4b79ef0b00b773a27397d1f6",
                "sha256:6cf4393c7b41abbf07c88eb83e8af5013606b1cdb7f6bc96b1b3536b53a574b8",
                "sha256:6eef672de005736a6efd565577101277db6057f65640a813de6c2707dc69f396",
                "sha256:734c41f9f57cc28658d98270d3436dba65bed0cfc730d115b290e970150c540d",
                "sha256:73e0a78a9b843b8c2128028864901f55190401ba38aae685350cf69b98d9f7c9",
                "sha256:775049dfa63fb58293990fc59473e659fcafd953bba1d00fc5f0631a8fd61977",
                "sha256:7854a207ef77319ec457c1eb79c361b48807d252d94348305db4f4b62f40f7f3",
                "sha256:78ca33811e1d95cac8c2e49cb86c0fb71f4d8409d8cbea0cb495b6dbddb30a55",
                "sha256:79edd779cfc46b2e15b0830eecd8b4b93f1a96649bcb502453df471a54ce7977",
                "sha256:7bf347b495b197992efc81a7408e9a83b931b2f056728529956a4d0858608b80",
                "sha256:7fde6d0e00b2fd0dbbb40c0eeec463ef147819f23725eda58105ba9ca48744f4",
                "sha256:81de24a1c51cfb32e1fbf018ab0bdbc79c04c035986526f76c33e3f9e0f3356c",
                "sha256:879fb24304ead6b62dbe5034e7b644b71def53c70e19363f3c3be2705c17a3b4",
                "sha256:8e7f2219cb72474571974d29a191714d822e58be1eb171f229732bc6fdedf0ac",
                "sha256:9164ec8010327ab9af931d7ccd12ab8d8b5dc2f4c6a16cbdd9d087861eaaefa1",
                "sha256:945eb4b6bb8144909b203a88a35e0a03d22b57aefb06c9b26c6e16d72e5eb0f0",
                "sha256:99a57006b4ec39dbfb3ed67e5b27192792ffb0553206a107e4aadb39c5004cd5",
                "sha256:9e9184fa6c52a74a5521e3e87badbf9692549c0fcced47443585876fcc47e469",
                "sha256:9ff93d3aedef11f9c4540cf347f8bb135dd9323a2fc705633d83210d464c579d",
                "sha256:a360cfd0881d36c6dc271992ce1eda65dba5e9368575663de993eeb4523d895f",
                "sha256:a5d7ed104d158c0042a6a73799cf0eb576dfd5fc1ace9c47996e52320c37cb7c",
                "sha256:ac17044876e64a8ea20ab132080ddc73b895b4abe9976e263b0e30ee5be7b9c2",
                "sha256:ad857f42831e5b8d41a32437f88d86ead6c191455a3499c4b6d15e007936d4cf",
                "sha256:b2039f8d545f20c4e52713eea51a275e62153ee96c8035a32b2abb772b6fc9e5",
                "sha256:b455492cab07107bfe8711e20cd920cc96003e0da3c1f91297235b1603d2aca7",
                "sha256:b4a9fe992887ac68256c930a2011255bae0bf5ec837475bc6f7edd7c8dfa254e",
                "sha256:b5a53f5998b4bbff1cb2e967e66ab2addc67326a274567697379dd1e326bded7",
                "sha256:b788276a3c114e9f51e257f2a6f544c32c02dab4aa7a5816b96444e3f9ffc336",
                "sha256:bddd4f91eede9ca5275e70479ed3656e76c8cdaaa1b354e544cbcf94c6fc8ac4",
                "sha256:c0503c5b681566e8b722fe8c4c47cce5c7a51f6935d5c7012c4aefe952a35eed",
                "sha256:c1b3cd23d905589cb205710b3988fc8f46d4a198cf12862887b09d7aaa6bf9b9",
                "sha256:c48f3fbc3e92c7dd6681a258d22f23adc2eb183c8cb1557d2fcc5a024e80b094",
                "sha256:c63c3ef43f0b3fb00571cff6c3967cc261c0ebd14a0a134a12e83bdb8f49f21f",
                "sha256:c6c45a2d2b68c51fe3d9352733fe048291e483376c94f7723458cfd7b473136b",
                "sha256:caa1afc70a02645809c744eefb7d6ee8fef7e2fad170ffdeacca267fd2674f13",
                "sha256:cc435d059f926fdc5b05822b1be4ff2a3a040f3ae0a7bbbe672babb468944722",
                "sha256:cf693eb4a08eccc1a1b636e4392322582db2a47470d52e824b25eca7a3977b53",
                "sha256:cf71343646756a072b85f228d35b1d7407da1669a3de3cf47f8bbafe0c8183a4",
                "sha256:d08f63561c8a695afec4975fae445245386d645e3e446e6f260e81663bfd2e38",
                "sha256:d29ddefeab1791e3c751e0189d5f4b3dbc0bbe033b06e9c333dca1f99e1d523e",
                "sha256:d7f5e15c953ace2e8dde9824bdab4bec50adb91a5663df08d7d994240ae6fa31",
                "sha256:d858532212f0650be12b6042ff4378dc2efbb7792a286bee4489eaa7ba010586",
                "sha256:d97dd44683802000277bbf142fd9f6b271746b4846d0acaf0cefa6b2eaf2a7ad",
                "sha256:dcdc88b6b01015da066da3fb76545e8bb9a6880a5ebf89e0f0b2e3ca557b3ab7",
                "sha256:dd609fafdcdde6e67a139898196698af37438b035b25ad63704fd9097d9a3482",
                "sha256:defa2c0c68734f4a82028c26bcc85e6b92cced99866af118cd6a89b734ad8e0d",
                "sha256:e22260a4741a0e7a206e175232867b48a16e0401ef5bce3c67ca5b9705879066",
                "sha256:e225a6a14ecf44499aadea165299092ab0cba918bb9ccd9304eab1138844490b",
                "sha256:e3df0bc35e746cce42579826b89579d13fd27c3d5319a6afca9893a9b784ff1b",
                "sha256:e6fcc026a3f27c1282c7ed24b7fcac82cdd70a0e84cc848c0841a3ab1e3dea2d",
                "sha256:e782379c2028a3611285a795b89b99a52722946d19fc06f002f8b53e3ea26ea9",
                "sha256:e8cdd52744f680346ff8c1ecdad5f4d11117e1724d4f4e1874f3a67598821069",
                "sha256:e9616f5bd2595f7f4a04b67039d890348ab826e943a9bfdbe4938d0eba606971",
                "sha256:e98c4c07ee4c4b3acf787e91b27688409d918212dfd34c872201273fdd5a0e18",
                "sha256:ebdab79f42c5961682654b851f3f0fc68e6cc7cd8727c2ac4ffff955154123c1",
                "sha256:f0f17f2ce0f3529177a5fff5525204fad7b43dd437d017dd0317f2746773443d",
                "sha256:f4e56860a5af16a0fcfa070a0a20c42fbb2012eed1eb5ceeddcc7f8079214281"
            ],
            "markers": "python_version >= '3.8'",
            "version": "==0.10.6"
        },
        "setuptools": {
            "hashes": [
                "sha256:4ac1475276d2f1c48684874089fefcd83bd7162ddaafb81fac866ba0db282a87",
                "sha256:b454a35605876da60632df1a60f736524eb73cc47bbc9f3f1ef1b644de74fd2a"
            ],
            "markers": "python_version >= '3.8'",
            "version": "==68.2.2"
        },
        "typing-extensions": {
            "hashes": [
                "sha256:8f92fc8806f9a6b641eaa5318da32b44d401efaac0f6678c9bc448ba3605faa0",
                "sha256:df8e4339e9cb77357558cbdbceca33c303714cf861d1eef15e1070055ae8b7ef"
            ],
            "markers": "python_version >= '3.8'",
            "version": "==4.8.0"
        },
        "wrapt": {
            "hashes": [
                "sha256:02fce1852f755f44f95af51f69d22e45080102e9d00258053b79367d07af39c0",
                "sha256:077ff0d1f9d9e4ce6476c1a924a3332452c1406e59d90a2cf24aeb29eeac9420",
                "sha256:078e2a1a86544e644a68422f881c48b84fef6d18f8c7a957ffd3f2e0a74a0d4a",
                "sha256:0970ddb69bba00670e58955f8019bec4a42d1785db3faa043c33d81de2bf843c",
                "sha256:1286eb30261894e4c70d124d44b7fd07825340869945c79d05bda53a40caa079",
                "sha256:21f6d9a0d5b3a207cdf7acf8e58d7d13d463e639f0c7e01d82cdb671e6cb7923",
                "sha256:230ae493696a371f1dbffaad3dafbb742a4d27a0afd2b1aecebe52b740167e7f",
                "sha256:26458da5653aa5b3d8dc8b24192f574a58984c749401f98fff994d41d3f08da1",
                "sha256:2cf56d0e237280baed46f0b5316661da892565ff58309d4d2ed7dba763d984b8",
                "sha256:2e51de54d4fb8fb50d6ee8327f9828306a959ae394d3e01a1ba8b2f937747d86",
                "sha256:2fbfbca668dd15b744418265a9607baa970c347eefd0db6a518aaf0cfbd153c0",
                "sha256:38adf7198f8f154502883242f9fe7333ab05a5b02de7d83aa2d88ea621f13364",
                "sha256:3a8564f283394634a7a7054b7983e47dbf39c07712d7b177b37e03f2467a024e",
                "sha256:3abbe948c3cbde2689370a262a8d04e32ec2dd4f27103669a45c6929bcdbfe7c",
                "sha256:3bbe623731d03b186b3d6b0d6f51865bf598587c38d6f7b0be2e27414f7f214e",
                "sha256:40737a081d7497efea35ab9304b829b857f21558acfc7b3272f908d33b0d9d4c",
                "sha256:41d07d029dd4157ae27beab04d22b8e261eddfc6ecd64ff7000b10dc8b3a5727",
                "sha256:46ed616d5fb42f98630ed70c3529541408166c22cdfd4540b88d5f21006b0eff",
                "sha256:493d389a2b63c88ad56cdc35d0fa5752daac56ca755805b1b0c530f785767d5e",
                "sha256:4ff0d20f2e670800d3ed2b220d40984162089a6e2c9646fdb09b85e6f9a8fc29",
                "sha256:54accd4b8bc202966bafafd16e69da9d5640ff92389d33d28555c5fd4f25ccb7",
                "sha256:56374914b132c702aa9aa9959c550004b8847148f95e1b824772d453ac204a72",
                "sha256:578383d740457fa790fdf85e6d346fda1416a40549fe8db08e5e9bd281c6a475",
                "sha256:58d7a75d731e8c63614222bcb21dd992b4ab01a399f1f09dd82af17bbfc2368a",
                "sha256:5c5aa28df055697d7c37d2099a7bc09f559d5053c3349b1ad0c39000e611d317",
                "sha256:5fc8e02f5984a55d2c653f5fea93531e9836abbd84342c1d1e17abc4a15084c2",
                "sha256:63424c681923b9f3bfbc5e3205aafe790904053d42ddcc08542181a30a7a51bd",
                "sha256:64b1df0f83706b4ef4cfb4fb0e4c2669100fd7ecacfb59e091fad300d4e04640",
                "sha256:74934ebd71950e3db69960a7da29204f89624dde411afbfb3b4858c1409b1e98",
                "sha256:75669d77bb2c071333417617a235324a1618dba66f82a750362eccbe5b61d248",
                "sha256:75760a47c06b5974aa5e01949bf7e66d2af4d08cb8c1d6516af5e39595397f5e",
                "sha256:76407ab327158c510f44ded207e2f76b657303e17cb7a572ffe2f5a8a48aa04d",
                "sha256:76e9c727a874b4856d11a32fb0b389afc61ce8aaf281ada613713ddeadd1cfec",
                "sha256:77d4c1b881076c3ba173484dfa53d3582c1c8ff1f914c6461ab70c8428b796c1",
                "sha256:780c82a41dc493b62fc5884fb1d3a3b81106642c5c5c78d6a0d4cbe96d62ba7e",
                "sha256:7dc0713bf81287a00516ef43137273b23ee414fe41a3c14be10dd95ed98a2df9",
                "sha256:7eebcdbe3677e58dd4c0e03b4f2cfa346ed4049687d839adad68cc38bb559c92",
                "sha256:896689fddba4f23ef7c718279e42f8834041a21342d95e56922e1c10c0cc7afb",
                "sha256:96177eb5645b1c6985f5c11d03fc2dbda9ad24ec0f3a46dcce91445747e15094",
                "sha256:96e25c8603a155559231c19c0349245eeb4ac0096fe3c1d0be5c47e075bd4f46",
                "sha256:9d37ac69edc5614b90516807de32d08cb8e7b12260a285ee330955604ed9dd29",
                "sha256:9ed6aa0726b9b60911f4aed8ec5b8dd7bf3491476015819f56473ffaef8959bd",
                "sha256:a487f72a25904e2b4bbc0817ce7a8de94363bd7e79890510174da9d901c38705",
                "sha256:a4cbb9ff5795cd66f0066bdf5947f170f5d63a9274f99bdbca02fd973adcf2a8",
                "sha256:a74d56552ddbde46c246b5b89199cb3fd182f9c346c784e1a93e4dc3f5ec9975",
                "sha256:a89ce3fd220ff144bd9d54da333ec0de0399b52c9ac3d2ce34b569cf1a5748fb",
                "sha256:abd52a09d03adf9c763d706df707c343293d5d106aea53483e0ec8d9e310ad5e",
                "sha256:abd8f36c99512755b8456047b7be10372fca271bf1467a1caa88db991e7c421b",
                "sha256:af5bd9ccb188f6a5fdda9f1f09d9f4c86cc8a539bd48a0bfdc97723970348418",
                "sha256:b02f21c1e2074943312d03d243ac4388319f2456576b2c6023041c4d57cd7019",
                "sha256:b06fa97478a5f478fb05e1980980a7cdf2712015493b44d0c87606c1513ed5b1",
                "sha256:b0724f05c396b0a4c36a3226c31648385deb6a65d8992644c12a4963c70326ba",
                "sha256:b130fe77361d6771ecf5a219d8e0817d61b236b7d8b37cc045172e574ed219e6",
                "sha256:b56d5519e470d3f2fe4aa7585f0632b060d532d0696c5bdfb5e8319e1d0f69a2",
                "sha256:b67b819628e3b748fd3c2192c15fb951f549d0f47c0449af0764d7647302fda3",
                "sha256:ba1711cda2d30634a7e452fc79eabcadaffedf241ff206db2ee93dd2c89a60e7",
                "sha256:bbeccb1aa40ab88cd29e6c7d8585582c99548f55f9b2581dfc5ba68c59a85752",
                "sha256:bd84395aab8e4d36263cd1b9308cd504f6cf713b7d6d3ce25ea55670baec5416",
                "sha256:c99f4309f5145b93eca6e35ac1a988f0dc0a7ccf9ccdcd78d3c0adf57224e62f",
                "sha256:ca1cccf838cd28d5a0883b342474c630ac48cac5df0ee6eacc9c7290f76b11c1",
                "sha256:cd525e0e52a5ff16653a3fc9e3dd827981917d34996600bbc34c05d048ca35cc",
                "sha256:cdb4f085756c96a3af04e6eca7f08b1345e94b53af8921b25c72f096e704e145",
                "sha256:ce42618f67741d4697684e501ef02f29e758a123aa2d669e2d964ff734ee00ee",
                "sha256:d06730c6aed78cee4126234cf2d071e01b44b915e725a6cb439a879ec9754a3a",
                "sha256:d5fe3e099cf07d0fb5a1e23d399e5d4d1ca3e6dfcbe5c8570ccff3e9208274f7",
                "sha256:d6bcbfc99f55655c3d93feb7ef3800bd5bbe963a755687cbf1f490a71fb7794b",
                "sha256:d787272ed958a05b2c86311d3a4135d3c2aeea4fc655705f074130aa57d71653",
                "sha256:e169e957c33576f47e21864cf3fc9ff47c223a4ebca8960079b8bd36cb014fd0",
                "sha256:e20076a211cd6f9b44a6be58f7eeafa7ab5720eb796975d0c03f05b47d89eb90",
                "sha256:e826aadda3cae59295b95343db8f3d965fb31059da7de01ee8d1c40a60398b29",
                "sha256:eef4d64c650f33347c1f9266fa5ae001440b232ad9b98f1f43dfe7a79435c0a6",
                "sha256:f2e69b3ed24544b0d3dbe2c5c0ba5153ce50dcebb576fdc4696d52aa22db6034",
                "sha256:f87ec75864c37c4c6cb908d282e1969e79763e0d9becdfe9fe5473b7bb1e5f09",
                "sha256:fbec11614dba0424ca72f4e8ba3c420dba07b4a7c206c8c8e4e73f2e98f4c559",
                "sha256:fd69666217b62fa5d7c6aa88e507493a34dec4fa20c5bd925e4bc12fce586639"
            ],
            "markers": "python_version >= '2.7' and python_version not in '3.0, 3.1, 3.2, 3.3, 3.4'",
            "version": "==1.15.0"
        }
    },
    "develop": {}
}
